
Microsoft Visual Studio Solution File, Format Version 12.00
# Visual Studio Version 17
VisualStudioVersion = 17.8.34330.188
MinimumVisualStudioVersion = 10.0.40219.1
Project("{FAE04EC0-301F-11D3-BF4B-00C04F79EFBC}") = "MovieBackend", "MovieBackend\MovieBackend.csproj", "{AEFE1D25-ACA4-4AA6-9AFF-9915C67DCB89}"
EndProject
Global
	GlobalSection(SolutionConfigurationPlatforms) = preSolution
		Debug|Any CPU = Debug|Any CPU
		Release|Any CPU = Release|Any CPU
	EndGlobalSection
	GlobalSection(ProjectConfigurationPlatforms) = postSolution
		{AEFE1D25-ACA4-4AA6-9AFF-9915C67DCB89}.Debug|Any CPU.ActiveCfg = Debug|Any CPU
		{AEFE1D25-ACA4-4AA6-9AFF-9915C67DCB89}.Debug|Any CPU.Build.0 = Debug|Any CPU
		{AEFE1D25-ACA4-4AA6-9AFF-9915C67DCB89}.Release|Any CPU.ActiveCfg = Release|Any CPU
		{AEFE1D25-ACA4-4AA6-9AFF-9915C67DCB89}.Release|Any CPU.Build.0 = Release|Any CPU
	EndGlobalSection
	GlobalSection(SolutionProperties) = preSolution
		HideSolutionNode = FALSE
	EndGlobalSection
	GlobalSection(ExtensibilityGlobals) = postSolution
		SolutionGuid = {7B34E12B-EE6F-4C9B-B5D2-221839D0D6CA}
	EndGlobalSection
EndGlobal
